
Microsoft Visual Studio Solution File, Format Version 12.00
# Visual Studio Version 17
VisualStudioVersion = 17.13.35806.99
MinimumVisualStudioVersion = 10.0.40219.1
Project("{FAE04EC0-301F-11D3-BF4B-00C04F79EFBC}") = "Ale_Ink", "Ale Ink\Ale_Ink.csproj", "{5D334A26-CE07-4579-B331-6023F706FF31}"
EndProject
Project("{FAE04EC0-301F-11D3-BF4B-00C04F79EFBC}") = "Ale_Ink.API", "Ale_Ink.API\Ale_Ink.API.csproj", "{8BB2117A-8289-45DA-9298-E0479F987713}"
EndProject
Project("{FAE04EC0-301F-11D3-BF4B-00C04F79EFBC}") = "Ale_Ink.Shared", "Ale_Ink.Shared\Ale_Ink.Shared.csproj", "{5C687021-6470-41B8-BCD6-F8E28C0EE440}"
EndProject
Global
	GlobalSection(SolutionConfigurationPlatforms) = preSolution
		Debug|Any CPU = Debug|Any CPU
		Release|Any CPU = Release|Any CPU
	EndGlobalSection
	GlobalSection(ProjectConfigurationPlatforms) = postSolution
		{5D334A26-CE07-4579-B331-6023F706FF31}.Debug|Any CPU.ActiveCfg = Debug|Any CPU
		{5D334A26-CE07-4579-B331-6023F706FF31}.Debug|Any CPU.Build.0 = Debug|Any CPU
		{5D334A26-CE07-4579-B331-6023F706FF31}.Release|Any CPU.ActiveCfg = Release|Any CPU
		{5D334A26-CE07-4579-B331-6023F706FF31}.Release|Any CPU.Build.0 = Release|Any CPU
		{8BB2117A-8289-45DA-9298-E0479F987713}.Debug|Any CPU.ActiveCfg = Debug|Any CPU
		{8BB2117A-8289-45DA-9298-E0479F987713}.Debug|Any CPU.Build.0 = Debug|Any CPU
		{8BB2117A-8289-45DA-9298-E0479F987713}.Release|Any CPU.ActiveCfg = Release|Any CPU
		{8BB2117A-8289-45DA-9298-E0479F987713}.Release|Any CPU.Build.0 = Release|Any CPU
		{5C687021-6470-41B8-BCD6-F8E28C0EE440}.Debug|Any CPU.ActiveCfg = Debug|Any CPU
		{5C687021-6470-41B8-BCD6-F8E28C0EE440}.Debug|Any CPU.Build.0 = Debug|Any CPU
		{5C687021-6470-41B8-BCD6-F8E28C0EE440}.Release|Any CPU.ActiveCfg = Release|Any CPU
		{5C687021-6470-41B8-BCD6-F8E28C0EE440}.Release|Any CPU.Build.0 = Release|Any CPU
	EndGlobalSection
	GlobalSection(SolutionProperties) = preSolution
		HideSolutionNode = FALSE
	EndGlobalSection
	GlobalSection(ExtensibilityGlobals) = postSolution
		SolutionGuid = {1159B95C-7B5A-494D-A2CF-A1B7453A1132}
	EndGlobalSection
EndGlobal
